Microsoft Visual Studio Solution File, Format Version 12.00
# Visual Studio Version 17
VisualStudioVersion = 17.5.2.0
MinimumVisualStudioVersion = 10.0.40219.1
Project("{2150E333-8FDC-42A3-9474-1A3956D46DE8}") = "backend", "backend", "{1AE8ACA6-933B-BF2A-3671-3E2EAC007D16}"
EndProject
Project("{2150E333-8FDC-42A3-9474-1A3956D46DE8}") = "PstConverter.API", "PstConverter.API", "{35646DFD-0CC6-41F0-1970-0D003333AB78}"
EndProject
Project("{FAE04EC0-301F-11D3-BF4B-00C04F79EFBC}") = "PstConverter", "backend\PstConverter.API\PstConverter.csproj", "{675E8337-F568-6AEE-6355-FFCCBCC274D2}"
EndProject
Global
	GlobalSection(SolutionConfigurationPlatforms) = preSolution
		Debug|Any CPU = Debug|Any CPU
		Release|Any CPU = Release|Any CPU
	EndGlobalSection
	GlobalSection(ProjectConfigurationPlatforms) = postSolution
		{675E8337-F568-6AEE-6355-FFCCBCC274D2}.Debug|Any CPU.ActiveCfg = Debug|Any CPU
		{675E8337-F568-6AEE-6355-FFCCBCC274D2}.Debug|Any CPU.Build.0 = Debug|Any CPU
		{675E8337-F568-6AEE-6355-FFCCBCC274D2}.Release|Any CPU.ActiveCfg = Release|Any CPU
		{675E8337-F568-6AEE-6355-FFCCBCC274D2}.Release|Any CPU.Build.0 = Release|Any CPU
	EndGlobalSection
	GlobalSection(SolutionProperties) = preSolution
		HideSolutionNode = FALSE
	EndGlobalSection
	GlobalSection(NestedProjects) = preSolution
		{35646DFD-0CC6-41F0-1970-0D003333AB78} = {1AE8ACA6-933B-BF2A-3671-3E2EAC007D16}
		{675E8337-F568-6AEE-6355-FFCCBCC274D2} = {35646DFD-0CC6-41F0-1970-0D003333AB78}
	EndGlobalSection
	GlobalSection(ExtensibilityGlobals) = postSolution
		SolutionGuid = {2B51D982-7061-4030-8E38-4D16339883E1}
	EndGlobalSection
EndGlobal
